
Microsoft Visual Studio Solution File, Format Version 12.00
# Visual Studio Version 17
VisualStudioVersion = 17.4.33103.184
MinimumVisualStudioVersion = 10.0.40219.1
Project("{2150E333-8FDC-42A3-9474-1A3956D46DE8}") = "Services", "Services", "{6CCFE233-5A0E-4631-9E33-FC34CE07E63E}"
EndProject
Project("{2150E333-8FDC-42A3-9474-1A3956D46DE8}") = "Catalog", "Catalog", "{7F6D69DB-720B-4703-86E8-6F4B407DC3A2}"
EndProject
Project("{9A19103F-16F7-4668-BE54-9A1E7A4F7556}") = "Catalog.API", "Services\Catalog\Catalog.API\Catalog.API.csproj", "{C24707A4-A670-43BB-B7CF-4A2A97FD9486}"
EndProject
Project("{E53339B2-1760-4266-BCC7-CA923CBCF16C}") = "docker-compose", "docker-compose.dcproj", "{72DE5FA7-4E45-4795-8AC0-A10EA2CAED8F}"
EndProject
Project("{2150E333-8FDC-42A3-9474-1A3956D46DE8}") = "Basket", "Basket", "{7F1EF796-D15E-4218-94B0-8A157690817C}"
EndProject
Project("{9A19103F-16F7-4668-BE54-9A1E7A4F7556}") = "Basket.API", "Services\Basket\Basket.API\Basket.API.csproj", "{312308D5-389C-4530-8C32-B0667D3FF6DB}"
EndProject
Project("{2150E333-8FDC-42A3-9474-1A3956D46DE8}") = "Discount", "Discount", "{A56B6A22-80D0-4DEA-8BBA-F902BC3175FC}"
EndProject
Project("{9A19103F-16F7-4668-BE54-9A1E7A4F7556}") = "Discount.API", "Services\Discount\Discount.API\Discount.API.csproj", "{B5768F91-AE63-4D76-8BA6-E1EC35E60190}"
EndProject
Project("{9A19103F-16F7-4668-BE54-9A1E7A4F7556}") = "Discount.Grpc", "Services\Discount\Discount.Grpc\Discount.Grpc.csproj", "{A3B56352-E9E9-464F-B412-5934DFE2EDFF}"
EndProject
Project("{2150E333-8FDC-42A3-9474-1A3956D46DE8}") = "Ordering", "Ordering", "{24A7082E-7AD0-4BEE-9E95-F0EF5F9D2CBF}"
EndProject
Project("{FAE04EC0-301F-11D3-BF4B-00C04F79EFBC}") = "Ordering.API", "Services\Ordering\Ordering.API\Ordering.API.csproj", "{3C9D88CD-4659-45F5-855C-8877F808D92C}"
EndProject
Global
	GlobalSection(SolutionConfigurationPlatforms) = preSolution
		Debug|Any CPU = Debug|Any CPU
		Release|Any CPU = Release|Any CPU
	EndGlobalSection
	GlobalSection(ProjectConfigurationPlatforms) = postSolution
		{C24707A4-A670-43BB-B7CF-4A2A97FD9486}.Debug|Any CPU.ActiveCfg = Debug|Any CPU
		{C24707A4-A670-43BB-B7CF-4A2A97FD9486}.Debug|Any CPU.Build.0 = Debug|Any CPU
		{C24707A4-A670-43BB-B7CF-4A2A97FD9486}.Release|Any CPU.ActiveCfg = Release|Any CPU
		{C24707A4-A670-43BB-B7CF-4A2A97FD9486}.Release|Any CPU.Build.0 = Release|Any CPU
		{72DE5FA7-4E45-4795-8AC0-A10EA2CAED8F}.Debug|Any CPU.ActiveCfg = Debug|Any CPU
		{72DE5FA7-4E45-4795-8AC0-A10EA2CAED8F}.Debug|Any CPU.Build.0 = Debug|Any CPU
		{72DE5FA7-4E45-4795-8AC0-A10EA2CAED8F}.Release|Any CPU.ActiveCfg = Release|Any CPU
		{72DE5FA7-4E45-4795-8AC0-A10EA2CAED8F}.Release|Any CPU.Build.0 = Release|Any CPU
		{312308D5-389C-4530-8C32-B0667D3FF6DB}.Debug|Any CPU.ActiveCfg = Debug|Any CPU
		{312308D5-389C-4530-8C32-B0667D3FF6DB}.Debug|Any CPU.Build.0 = Debug|Any CPU
		{312308D5-389C-4530-8C32-B0667D3FF6DB}.Release|Any CPU.ActiveCfg = Release|Any CPU
		{312308D5-389C-4530-8C32-B0667D3FF6DB}.Release|Any CPU.Build.0 = Release|Any CPU
		{B5768F91-AE63-4D76-8BA6-E1EC35E60190}.Debug|Any CPU.ActiveCfg = Debug|Any CPU
		{B5768F91-AE63-4D76-8BA6-E1EC35E60190}.Debug|Any CPU.Build.0 = Debug|Any CPU
		{B5768F91-AE63-4D76-8BA6-E1EC35E60190}.Release|Any CPU.ActiveCfg = Release|Any CPU
		{B5768F91-AE63-4D76-8BA6-E1EC35E60190}.Release|Any CPU.Build.0 = Release|Any CPU
		{A3B56352-E9E9-464F-B412-5934DFE2EDFF}.Debug|Any CPU.ActiveCfg = Debug|Any CPU
		{A3B56352-E9E9-464F-B412-5934DFE2EDFF}.Debug|Any CPU.Build.0 = Debug|Any CPU
		{A3B56352-E9E9-464F-B412-5934DFE2EDFF}.Release|Any CPU.ActiveCfg = Release|Any CPU
		{A3B56352-E9E9-464F-B412-5934DFE2EDFF}.Release|Any CPU.Build.0 = Release|Any CPU
		{3C9D88CD-4659-45F5-855C-8877F808D92C}.Debug|Any CPU.ActiveCfg = Debug|Any CPU
		{3C9D88CD-4659-45F5-855C-8877F808D92C}.Debug|Any CPU.Build.0 = Debug|Any CPU
		{3C9D88CD-4659-45F5-855C-8877F808D92C}.Release|Any CPU.ActiveCfg = Release|Any CPU
		{3C9D88CD-4659-45F5-855C-8877F808D92C}.Release|Any CPU.Build.0 = Release|Any CPU
	EndGlobalSection
	GlobalSection(SolutionProperties) = preSolution
		HideSolutionNode = FALSE
	EndGlobalSection
	GlobalSection(NestedProjects) = preSolution
		{7F6D69DB-720B-4703-86E8-6F4B407DC3A2} = {6CCFE233-5A0E-4631-9E33-FC34CE07E63E}
		{C24707A4-A670-43BB-B7CF-4A2A97FD9486} = {7F6D69DB-720B-4703-86E8-6F4B407DC3A2}
		{7F1EF796-D15E-4218-94B0-8A157690817C} = {6CCFE233-5A0E-4631-9E33-FC34CE07E63E}
		{312308D5-389C-4530-8C32-B0667D3FF6DB} = {7F1EF796-D15E-4218-94B0-8A157690817C}
		{A56B6A22-80D0-4DEA-8BBA-F902BC3175FC} = {6CCFE233-5A0E-4631-9E33-FC34CE07E63E}
		{B5768F91-AE63-4D76-8BA6-E1EC35E60190} = {A56B6A22-80D0-4DEA-8BBA-F902BC3175FC}
		{A3B56352-E9E9-464F-B412-5934DFE2EDFF} = {A56B6A22-80D0-4DEA-8BBA-F902BC3175FC}
		{24A7082E-7AD0-4BEE-9E95-F0EF5F9D2CBF} = {6CCFE233-5A0E-4631-9E33-FC34CE07E63E}
		{3C9D88CD-4659-45F5-855C-8877F808D92C} = {24A7082E-7AD0-4BEE-9E95-F0EF5F9D2CBF}
	EndGlobalSection
	GlobalSection(ExtensibilityGlobals) = postSolution
		SolutionGuid = {08C25A50-6045-494E-8239-133B273A0DE2}
	EndGlobalSection
EndGlobal
